# THIS IS AN AUTOGENERATED FILE. DO NOT EDIT THIS FILE DIRECTLY.
# yarn lockfile v1


just-curry-it@5.3.0:
  version "5.3.0"
  resolved "https://registry.yarnpkg.com/just-curry-it/-/just-curry-it-5.3.0.tgz#1463602e932c5beb431a2a384dddcd48bb3c9c42"
  integrity sha512-silMIRiFjUWlfaDhkgSzpuAyQ6EX/o09Eu8ZBfmFwQMbax7+LQzeIU2CBrICT6Ne4l86ITCGvUCBpCubWYy0Yw==

reduce-reducers@1.0.4:
  version "1.0.4"
  resolved "https://registry.yarnpkg.com/reduce-reducers/-/reduce-reducers-1.0.4.tgz#fb77e751a9eb0201760ac5a605ca8c9c2d0537f8"
  integrity sha512-Mb2WZ2bJF597exiqX7owBzrqJ74DHLK3yOQjCyPAaNifRncE8OD0wFIuoMhXxTnHK07+8zZ2SJEKy/qtiyR7vw==

redux-actions@^3.0.0:
  version "3.0.0"
  resolved "https://registry.yarnpkg.com/redux-actions/-/redux-actions-3.0.0.tgz#3c14f32ab27b87ba771b3691bee31c7e0513742d"
  integrity sha512-5r+G8JizsTfyfWolVDkCLL2SpZA0Sk9ao2MXwfdXkG5+72s0PcO9qEqpo51D2o8dZY2gXLjNmY5yoRB+BuizRw==
  dependencies:
    just-curry-it "5.3.0"
    reduce-reducers "1.0.4"
